// !$*UTF8*$!
{
	archiveVersion = 1;
	classes = {
	};
	objectVersion = 50;
	objects = {

/* Begin PBXBuildFile section */
		8EBE8580268D4CE9008E309E /* AppDelegate.swift in Sources */ = {isa = PBXBuildFile; fileRef = 8EBE857F268D4CE9008E309E /* AppDelegate.swift */; };
		8EBE8582268D4CE9008E309E /* SceneDelegate.swift in Sources */ = {isa = PBXBuildFile; fileRef = 8EBE8581268D4CE9008E309E /* SceneDelegate.swift */; };
		8EBE8584268D4CE9008E309E /* ViewController.swift in Sources */ = {isa = PBXBuildFile; fileRef = 8EBE8583268D4CE9008E309E /* ViewController.swift */; };
		8EBE8587268D4CE9008E309E /* Main.storyboard in Resources */ = {isa = PBXBuildFile; fileRef = 8EBE8585268D4CE9008E309E /* Main.storyboard */; };
		8EBE8589268D4CEC008E309E /* Assets.xcassets in Resources */ = {isa = PBXBuildFile; fileRef = 8EBE8588268D4CEC008E309E /* Assets.xcassets */; };
		8EBE858C268D4CEC008E309E /* LaunchScreen.storyboard in Resources */ = {isa = PBXBuildFile; fileRef = 8EBE858A268D4CEC008E309E /* LaunchScreen.storyboard */; };
		8EBE8597268D4CED008E309E /* WKWebViewJsTests.swift in Sources */ = {isa = PBXBuildFile; fileRef = 8EBE8596268D4CED008E309E /* WKWebViewJsTests.swift */; };
		8EBE85A2268D4CED008E309E /* WKWebViewJsUITests.swift in Sources */ = {isa = PBXBuildFile; fileRef = 8EBE85A1268D4CED008E309E /* WKWebViewJsUITests.swift */; };
/* End PBXBuildFile section */

/* Begin PBXContainerItemProxy section */
		8EBE8593268D4CED008E309E /* PBXContainerItemProxy */ = {
			isa = PBXContainerItemProxy;
			containerPortal = 8EBE8574268D4CE9008E309E /* Project object */;
			proxyType = 1;
			remoteGlobalIDString = 8EBE857B268D4CE9008E309E;
			remoteInfo = WKWebViewJs;
		};
		8EBE859E268D4CED008E309E /* PBXContainerItemProxy */ = {
			isa = PBXContainerItemProxy;
			containerPortal = 8EBE8574268D4CE9008E309E /* Project object */;
			proxyType = 1;
			remoteGlobalIDString = 8EBE857B268D4CE9008E309E;
			remoteInfo = WKWebViewJs;
		};
/* End PBXContainerItemProxy section */

/* Begin PBXFileReference section */
		8EBE857C268D4CE9008E309E /* WKWebViewJs.app */ = {isa = PBXFileReference; explicitFileType = wrapper.application; includeInIndex = 0; path = WKWebViewJs.app; sourceTree = BUILT_PRODUCTS_DIR; };
		8EBE857F268D4CE9008E309E /* AppDelegate.swift */ = {isa = PBXFileReference; lastKnownFileType = sourcecode.swift; path = AppDelegate.swift; sourceTree = "<group>"; };
		8EBE8581268D4CE9008E309E /* SceneDelegate.swift */ = {isa = PBXFileReference; lastKnownFileType = sourcecode.swift; path = SceneDelegate.swift; sourceTree = "<group>"; };
		8EBE8583268D4CE9008E309E /* ViewController.swift */ = {isa = PBXFileReference; lastKnownFileType = sourcecode.swift; path = ViewController.swift; sourceTree = "<group>"; };
		8EBE8586268D4CE9008E309E /* Base */ = {isa = PBXFileReference; lastKnownFileType = file.storyboard; name = Base; path = Base.lproj/Main.storyboard; sourceTree = "<group>"; };
		8EBE8588268D4CEC008E309E /* Assets.xcassets */ = {isa = PBXFileReference; lastKnownFileType = folder.assetcatalog; path = Assets.xcassets; sourceTree = "<group>"; };
		8EBE858B268D4CEC008E309E /* Base */ = {isa = PBXFileReference; lastKnownFileType = file.storyboard; name = Base; path = Base.lproj/LaunchScreen.storyboard; sourceTree = "<group>"; };
		8EBE858D268D4CEC008E309E /* Info.plist */ = {isa = PBXFileReference; lastKnownFileType = text.plist.xml; path = Info.plist; sourceTree = "<group>"; };
		8EBE8592268D4CED008E309E /* WKWebViewJsTests.xctest */ = {isa = PBXFileReference; explicitFileType = wrapper.cfbundle; includeInIndex = 0; path = WKWebViewJsTests.xctest; sourceTree = BUILT_PRODUCTS_DIR; };
		8EBE8596268D4CED008E309E /* WKWebViewJsTests.swift */ = {isa = PBXFileReference; lastKnownFileType = sourcecode.swift; path = WKWebViewJsTests.swift; sourceTree = "<group>"; };
		8EBE8598268D4CED008E309E /* Info.plist */ = {isa = PBXFileReference; lastKnownFileType = text.plist.xml; path = Info.plist; sourceTree = "<group>"; };
		8EBE859D268D4CED008E309E /* WKWebViewJsUITests.xctest */ = {isa = PBXFileReference; explicitFileType = wrapper.cfbundle; includeInIndex = 0; path = WKWebViewJsUITests.xctest; sourceTree = BUILT_PRODUCTS_DIR; };
		8EBE85A1268D4CED008E309E /* WKWebViewJsUITests.swift */ = {isa = PBXFileReference; lastKnownFileType = sourcecode.swift; path = WKWebViewJsUITests.swift; sourceTree = "<group>"; };
		8EBE85A3268D4CED008E309E /* Info.plist */ = {isa = PBXFileReference; lastKnownFileType = text.plist.xml; path = Info.plist; sourceTree = "<group>"; };
/* End PBXFileReference section */

/* Begin PBXFrameworksBuildPhase section */
		8EBE8579268D4CE9008E309E /* Frameworks */ = {
			isa = PBXFrameworksBuildPhase;
			buildActionMask = 2147483647;
			files = (
			);
			runOnlyForDeploymentPostprocessing = 0;
		};
		8EBE858F268D4CED008E309E /* Frameworks */ = {
			isa = PBXFrameworksBuildPhase;
			buildActionMask = 2147483647;
			files = (
			);
			runOnlyForDeploymentPostprocessing = 0;
		};
		8EBE859A268D4CED008E309E /* Frameworks */ = {
			isa = PBXFrameworksBuildPhase;
			buildActionMask = 2147483647;
			files = (
			);
			runOnlyForDeploymentPostprocessing = 0;
		};
/* End PBXFrameworksBuildPhase section */

/* Begin PBXGroup section */
		8EBE8573268D4CE9008E309E = {
			isa = PBXGroup;
			children = (
				8EBE857E268D4CE9008E309E /* WKWebViewJs */,
				8EBE8595268D4CED008E309E /* WKWebViewJsTests */,
				8EBE85A0268D4CED008E309E /* WKWebViewJsUITests */,
				8EBE857D268D4CE9008E309E /* Products */,
			);
			sourceTree = "<group>";
		};
		8EBE857D268D4CE9008E309E /* Products */ = {
			isa = PBXGroup;
			children = (
				8EBE857C268D4CE9008E309E /* WKWebViewJs.app */,
				8EBE8592268D4CED008E309E /* WKWebViewJsTests.xctest */,
				8EBE859D268D4CED008E309E /* WKWebViewJsUITests.xctest */,
			);
			name = Products;
			sourceTree = "<group>";
		};
		8EBE857E268D4CE9008E309E /* WKWebViewJs */ = {
			isa = PBXGroup;
			children = (
				8EBE857F268D4CE9008E309E /* AppDelegate.swift */,
				8EBE8581268D4CE9008E309E /* SceneDelegate.swift */,
				8EBE8583268D4CE9008E309E /* ViewController.swift */,
				8EBE8585268D4CE9008E309E /* Main.storyboard */,
				8EBE8588268D4CEC008E309E /* Assets.xcassets */,
				8EBE858A268D4CEC008E309E /* LaunchScreen.storyboard */,
				8EBE858D268D4CEC008E309E /* Info.plist */,
			);
			path = WKWebViewJs;
			sourceTree = "<group>";
		};
		8EBE8595268D4CED008E309E /* WKWebViewJsTests */ = {
			isa = PBXGroup;
			children = (
				8EBE8596268D4CED008E309E /* WKWebViewJsTests.swift */,
				8EBE8598268D4CED008E309E /* Info.plist */,
			);
			path = WKWebViewJsTests;
			sourceTree = "<group>";
		};
		8EBE85A0268D4CED008E309E /* WKWebViewJsUITests */ = {
			isa = PBXGroup;
			children = (
				8EBE85A1268D4CED008E309E /* WKWebViewJsUITests.swift */,
				8EBE85A3268D4CED008E309E /* Info.plist */,
			);
			path = WKWebViewJsUITests;
			sourceTree = "<group>";
		};
/* End PBXGroup section */

/* Begin PBXNativeTarget section */
		8EBE857B268D4CE9008E309E /* WKWebViewJs */ = {
			isa = PBXNativeTarget;
			buildConfigurationList = 8EBE85A6268D4CED008E309E /* Build configuration list for PBXNativeTarget "WKWebViewJs" */;
			buildPhases = (
				8EBE8578268D4CE9008E309E /* Sources */,
				8EBE8579268D4CE9008E309E /* Frameworks */,
				8EBE857A268D4CE9008E309E /* Resources */,
			);
			buildRules = (
			);
			dependencies = (
			);
			name = WKWebViewJs;
			productName = WKWebViewJs;
			productReference = 8EBE857C268D4CE9008E309E /* WKWebViewJs.app */;
			productType = "com.apple.product-type.application";
		};
		8EBE8591268D4CED008E309E /* WKWebViewJsTests */ = {
			isa = PBXNativeTarget;
			buildConfigurationList = 8EBE85A9268D4CED008E309E /* Build configuration list for PBXNativeTarget "WKWebViewJsTests" */;
			buildPhases = (
				8EBE858E268D4CED008E309E /* Sources */,
				8EBE858F268D4CED008E309E /* Frameworks */,
				8EBE8590268D4CED008E309E /* Resources */,
			);
			buildRules = (
			);
			dependencies = (
				8EBE8594268D4CED008E309E /* PBXTargetDependency */,
			);
			name = WKWebViewJsTests;
			productName = WKWebViewJsTests;
			productReference = 8EBE8592268D4CED008E309E /* WKWebViewJsTests.xctest */;
			productType = "com.apple.product-type.bundle.unit-test";
		};
		8EBE859C268D4CED008E309E /* WKWebViewJsUITests */ = {
			isa = PBXNativeTarget;
			buildConfigurationList = 8EBE85AC268D4CED008E309E /* Build configuration list for PBXNativeTarget "WKWebViewJsUITests" */;
			buildPhases = (
				8EBE8599268D4CED008E309E /* Sources */,
				8EBE859A268D4CED008E309E /* Frameworks */,
				8EBE859B268D4CED008E309E /* Resources */,
			);
			buildRules = (
			);
			dependencies = (
				8EBE859F268D4CED008E309E /* PBXTargetDependency */,
			);
			name = WKWebViewJsUITests;
			productName = WKWebViewJsUITests;
			productReference = 8EBE859D268D4CED008E309E /* WKWebViewJsUITests.xctest */;
			productType = "com.apple.product-type.bundle.ui-testing";
		};
/* End PBXNativeTarget section */

/* Begin PBXProject section */
		8EBE8574268D4CE9008E309E /* Project object */ = {
			isa = PBXProject;
			attributes = {
				LastSwiftUpdateCheck = 1240;
				LastUpgradeCheck = 1240;
				TargetAttributes = {
					8EBE857B268D4CE9008E309E = {
						CreatedOnToolsVersion = 12.4;
					};
					8EBE8591268D4CED008E309E = {
						CreatedOnToolsVersion = 12.4;
						TestTargetID = 8EBE857B268D4CE9008E309E;
					};
					8EBE859C268D4CED008E309E = {
						CreatedOnToolsVersion = 12.4;
						TestTargetID = 8EBE857B268D4CE9008E309E;
					};
				};
			};
			buildConfigurationList = 8EBE8577268D4CE9008E309E /* Build configuration list for PBXProject "WKWebViewJs" */;
			compatibilityVersion = "Xcode 9.3";
			developmentRegion = en;
			hasScannedForEncodings = 0;
			knownRegions = (
				en,
				Base,
			);
			mainGroup = 8EBE8573268D4CE9008E309E;
			productRefGroup = 8EBE857D268D4CE9008E309E /* Products */;
			projectDirPath = "";
			projectRoot = "";
			targets = (
				8EBE857B268D4CE9008E309E /* WKWebViewJs */,
				8EBE8591268D4CED008E309E /* WKWebViewJsTests */,
				8EBE859C268D4CED008E309E /* WKWebViewJsUITests */,
			);
		};
/* End PBXProject section */

/* Begin PBXResourcesBuildPhase section */
		8EBE857A268D4CE9008E309E /* Resources */ = {
			isa = PBXResourcesBuildPhase;
			buildActionMask = 2147483647;
			files = (
				8EBE858C268D4CEC008E309E /* LaunchScreen.storyboard in Resources */,
				8EBE8589268D4CEC008E309E /* Assets.xcassets in Resources */,
				8EBE8587268D4CE9008E309E /* Main.storyboard in Resources */,
			);
			runOnlyForDeploymentPostprocessing = 0;
		};
		8EBE8590268D4CED008E309E /* Resources */ = {
			isa = PBXResourcesBuildPhase;
			buildActionMask = 2147483647;
			files = (
			);
			runOnlyForDeploymentPostprocessing = 0;
		};
		8EBE859B268D4CED008E309E /* Resources */ = {
			isa = PBXResourcesBuildPhase;
			buildActionMask = 2147483647;
			files = (
			);
			runOnlyForDeploymentPostprocessing = 0;
		};
/* End PBXResourcesBuildPhase section */

/* Begin PBXSourcesBuildPhase section */
		8EBE8578268D4CE9008E309E /* Sources */ = {
			isa = PBXSourcesBuildPhase;
			buildActionMask = 2147483647;
			files = (
				8EBE8584268D4CE9008E309E /* ViewController.swift in Sources */,
				8EBE8580268D4CE9008E309E /* AppDelegate.swift in Sources */,
				8EBE8582268D4CE9008E309E /* SceneDelegate.swift in Sources */,
			);
			runOnlyForDeploymentPostprocessing = 0;
		};
		8EBE858E268D4CED008E309E /* Sources */ = {
			isa = PBXSourcesBuildPhase;
			buildActionMask = 2147483647;
			files = (
				8EBE8597268D4CED008E309E /* WKWebViewJsTests.swift in Sources */,
			);
			runOnlyForDeploymentPostprocessing = 0;
		};
		8EBE8599268D4CED008E309E /* Sources */ = {
			isa = PBXSourcesBuildPhase;
			buildActionMask = 2147483647;
			files = (
				8EBE85A2268D4CED008E309E /* WKWebViewJsUITests.swift in Sources */,
			);
			runOnlyForDeploymentPostprocessing = 0;
		};
/* End PBXSourcesBuildPhase section */

/* Begin PBXTargetDependency section */
		8EBE8594268D4CED008E309E /* PBXTargetDependency */ = {
			isa = PBXTargetDependency;
			target = 8EBE857B268D4CE9008E309E /* WKWebViewJs */;
			targetProxy = 8EBE8593268D4CED008E309E /* PBXContainerItemProxy */;
		};
		8EBE859F268D4CED008E309E /* PBXTargetDependency */ = {
			isa = PBXTargetDependency;
			target = 8EBE857B268D4CE9008E309E /* WKWebViewJs */;
			targetProxy = 8EBE859E268D4CED008E309E /* PBXContainerItemProxy */;
		};
/* End PBXTargetDependency section */

/* Begin PBXVariantGroup section */
		8EBE8585268D4CE9008E309E /* Main.storyboard */ = {
			isa = PBXVariantGroup;
			children = (
				8EBE8586268D4CE9008E309E /* Base */,
			);
			name = Main.storyboard;
			sourceTree = "<group>";
		};
		8EBE858A268D4CEC008E309E /* LaunchScreen.storyboard */ = {
			isa = PBXVariantGroup;
			children = (
				8EBE858B268D4CEC008E309E /* Base */,
			);
			name = LaunchScreen.storyboard;
			sourceTree = "<group>";
		};
/* End PBXVariantGroup section */

/* Begin XCBuildConfiguration section */
		8EBE85A4268D4CED008E309E /* Debug */ = {
			isa = XCBuildConfiguration;
			buildSettings = {
				ALWAYS_SEARCH_USER_PATHS = NO;
				CLANG_ANALYZER_NONNULL = YES;
				CLANG_ANALYZER_NUMBER_OBJECT_CONVERSION = YES_AGGRESSIVE;
				CLANG_CXX_LANGUAGE_STANDARD = "gnu++14";
				CLANG_CXX_LIBRARY = "libc++";
				CLANG_ENABLE_MODULES = YES;
				CLANG_ENABLE_OBJC_ARC = YES;
				CLANG_ENABLE_OBJC_WEAK = YES;
				CLANG_WARN_BLOCK_CAPTURE_AUTORELEASING = YES;
				CLANG_WARN_BOOL_CONVERSION = YES;
				CLANG_WARN_COMMA = YES;
				CLANG_WARN_CONSTANT_CONVERSION = YES;
				CLANG_WARN_DEPRECATED_OBJC_IMPLEMENTATIONS = YES;
				CLANG_WARN_DIRECT_OBJC_ISA_USAGE = YES_ERROR;
				CLANG_WARN_DOCUMENTATION_COMMENTS = YES;
				CLANG_WARN_EMPTY_BODY = YES;
				CLANG_WARN_ENUM_CONVERSION = YES;
				CLANG_WARN_INFINITE_RECURSION = YES;
				CLANG_WARN_INT_CONVERSION = YES;
				CLANG_WARN_NON_LITERAL_NULL_CONVERSION = YES;
				CLANG_WARN_OBJC_IMPLICIT_RETAIN_SELF = YES;
				CLANG_WARN_OBJC_LITERAL_CONVERSION = YES;
				CLANG_WARN_OBJC_ROOT_CLASS = YES_ERROR;
				CLANG_WARN_QUOTED_INCLUDE_IN_FRAMEWORK_HEADER = YES;
				CLANG_WARN_RANGE_LOOP_ANALYSIS = YES;
				CLANG_WARN_STRICT_PROTOTYPES = YES;
				CLANG_WARN_SUSPICIOUS_MOVE = YES;
				CLANG_WARN_UNGUARDED_AVAILABILITY = YES_AGGRESSIVE;
				CLANG_WARN_UNREACHABLE_CODE = YES;
				CLANG_WARN__DUPLICATE_METHOD_MATCH = YES;
				COPY_PHASE_STRIP = NO;
				DEBUG_INFORMATION_FORMAT = dwarf;
				ENABLE_STRICT_OBJC_MSGSEND = YES;
				ENABLE_TESTABILITY = YES;
				GCC_C_LANGUAGE_STANDARD = gnu11;
				GCC_DYNAMIC_NO_PIC = NO;
				GCC_NO_COMMON_BLOCKS = YES;
				GCC_OPTIMIZATION_LEVEL = 0;
				GCC_PREPROCESSOR_DEFINITIONS = (
					"DEBUG=1",
					"$(inherited)",
				);
				GCC_WARN_64_TO_32_BIT_CONVERSION = YES;
				GCC_WARN_ABOUT_RETURN_TYPE = YES_ERROR;
				GCC_WARN_UNDECLARED_SELECTOR = YES;
				GCC_WARN_UNINITIALIZED_AUTOS = YES_AGGRESSIVE;
				GCC_WARN_UNUSED_FUNCTION = YES;
				GCC_WARN_UNUSED_VARIABLE = YES;
				IPHONEOS_DEPLOYMENT_TARGET = 14.4;
				MTL_ENABLE_DEBUG_INFO = INCLUDE_SOURCE;
				MTL_FAST_MATH = YES;
				ONLY_ACTIVE_ARCH = YES;
				SDKROOT = iphoneos;
				SWIFT_ACTIVE_COMPILATION_CONDITIONS = DEBUG;
				SWIFT_OPTIMIZATION_LEVEL = "-Onone";
			};
			name = Debug;
		};
		8EBE85A5268D4CED008E309E /* Release */ = {
			isa = XCBuildConfiguration;
			buildSettings = {
				ALWAYS_SEARCH_USER_PATHS = NO;
				CLANG_ANALYZER_NONNULL = YES;
				CLANG_ANALYZER_NUMBER_OBJECT_CONVERSION = YES_AGGRESSIVE;
				CLANG_CXX_LANGUAGE_STANDARD = "gnu++14";
				CLANG_CXX_LIBRARY = "libc++";
				CLANG_ENABLE_MODULES = YES;
				CLANG_ENABLE_OBJC_ARC = YES;
				CLANG_ENABLE_OBJC_WEAK = YES;
				CLANG_WARN_BLOCK_CAPTURE_AUTORELEASING = YES;
				CLANG_WARN_BOOL_CONVERSION = YES;
				CLANG_WARN_COMMA = YES;
				CLANG_WARN_CONSTANT_CONVERSION = YES;
				CLANG_WARN_DEPRECATED_OBJC_IMPLEMENTATIONS = YES;
				CLANG_WARN_DIRECT_OBJC_ISA_USAGE = YES_ERROR;
				CLANG_WARN_DOCUMENTATION_COMMENTS = YES;
				CLANG_WARN_EMPTY_BODY = YES;
				CLANG_WARN_ENUM_CONVERSION = YES;
				CLANG_WARN_INFINITE_RECURSION = YES;
				CLANG_WARN_INT_CONVERSION = YES;
				CLANG_WARN_NON_LITERAL_NULL_CONVERSION = YES;
				CLANG_WARN_OBJC_IMPLICIT_RETAIN_SELF = YES;
				CLANG_WARN_OBJC_LITERAL_CONVERSION = YES;
				CLANG_WARN_OBJC_ROOT_CLASS = YES_ERROR;
				CLANG_WARN_QUOTED_INCLUDE_IN_FRAMEWORK_HEADER = YES;
				CLANG_WARN_RANGE_LOOP_ANALYSIS = YES;
				CLANG_WARN_STRICT_PROTOTYPES = YES;
				CLANG_WARN_SUSPICIOUS_MOVE = YES;
				CLANG_WARN_UNGUARDED_AVAILABILITY = YES_AGGRESSIVE;
				CLANG_WARN_UNREACHABLE_CODE = YES;
				CLANG_WARN__DUPLICATE_METHOD_MATCH = YES;
				COPY_PHASE_STRIP = NO;
				DEBUG_INFORMATION_FORMAT = "dwarf-with-dsym";
				ENABLE_NS_ASSERTIONS = NO;
				ENABLE_STRICT_OBJC_MSGSEND = YES;
				GCC_C_LANGUAGE_STANDARD = gnu11;
				GCC_NO_COMMON_BLOCKS = YES;
				GCC_WARN_64_TO_32_BIT_CONVERSION = YES;
				GCC_WARN_ABOUT_RETURN_TYPE = YES_ERROR;
				GCC_WARN_UNDECLARED_SELECTOR = YES;
				GCC_WARN_UNINITIALIZED_AUTOS = YES_AGGRESSIVE;
				GCC_WARN_UNUSED_FUNCTION = YES;
				GCC_WARN_UNUSED_VARIABLE = YES;
				IPHONEOS_DEPLOYMENT_TARGET = 14.4;
				MTL_ENABLE_DEBUG_INFO = NO;
				MTL_FAST_MATH = YES;
				SDKROOT = iphoneos;
				SWIFT_COMPILATION_MODE = wholemodule;
				SWIFT_OPTIMIZATION_LEVEL = "-O";
				VALIDATE_PRODUCT = YES;
			};
			name = Release;
		};
		8EBE85A7268D4CED008E309E /* Debug */ = {
			isa = XCBuildConfiguration;
			buildSettings = {
				ASSETCATALOG_COMPILER_APPICON_NAME = AppIcon;
				ASSETCATALOG_COMPILER_GLOBAL_ACCENT_COLOR_NAME = AccentColor;
				CODE_SIGN_STYLE = Automatic;
				DEVELOPMENT_TEAM = R45LY736NP;
				INFOPLIST_FILE = WKWebViewJs/Info.plist;
				LD_RUNPATH_SEARCH_PATHS = (
					"$(inherited)",
					"@executable_path/Frameworks",
				);
				PRODUCT_BUNDLE_IDENTIFIER = fxr.WKWebViewJs;
				PRODUCT_NAME = "$(TARGET_NAME)";
				SWIFT_VERSION = 5.0;
				TARGETED_DEVICE_FAMILY = "1,2";
			};
			name = Debug;
		};
		8EBE85A8268D4CED008E309E /* Release */ = {
			isa = XCBuildConfiguration;
			buildSettings = {
				ASSETCATALOG_COMPILER_APPICON_NAME = AppIcon;
				ASSETCATALOG_COMPILER_GLOBAL_ACCENT_COLOR_NAME = AccentColor;
				CODE_SIGN_STYLE = Automatic;
				DEVELOPMENT_TEAM = R45LY736NP;
				INFOPLIST_FILE = WKWebViewJs/Info.plist;
				LD_RUNPATH_SEARCH_PATHS = (
					"$(inherited)",
					"@executable_path/Frameworks",
				);
				PRODUCT_BUNDLE_IDENTIFIER = fxr.WKWebViewJs;
				PRODUCT_NAME = "$(TARGET_NAME)";
				SWIFT_VERSION = 5.0;
				TARGETED_DEVICE_FAMILY = "1,2";
			};
			name = Release;
		};
		8EBE85AA268D4CED008E309E /* Debug */ = {
			isa = XCBuildConfiguration;
			buildSettings = {
				ALWAYS_EMBED_SWIFT_STANDARD_LIBRARIES = YES;
				BUNDLE_LOADER = "$(TEST_HOST)";
				CODE_SIGN_STYLE = Automatic;
				DEVELOPMENT_TEAM = R45LY736NP;
				INFOPLIST_FILE = WKWebViewJsTests/Info.plist;
				IPHONEOS_DEPLOYMENT_TARGET = 14.4;
				LD_RUNPATH_SEARCH_PATHS = (
					"$(inherited)",
					"@executable_path/Frameworks",
					"@loader_path/Frameworks",
				);
				PRODUCT_BUNDLE_IDENTIFIER = fxr.WKWebViewJsTests;
				PRODUCT_NAME = "$(TARGET_NAME)";
				SWIFT_VERSION = 5.0;
				TARGETED_DEVICE_FAMILY = "1,2";
				TEST_HOST = "$(BUILT_PRODUCTS_DIR)/WKWebViewJs.app/WKWebViewJs";
			};
			name = Debug;
		};
		8EBE85AB268D4CED008E309E /* Release */ = {
			isa = XCBuildConfiguration;
			buildSettings = {
				ALWAYS_EMBED_SWIFT_STANDARD_LIBRARIES = YES;
				BUNDLE_LOADER = "$(TEST_HOST)";
				CODE_SIGN_STYLE = Automatic;
				DEVELOPMENT_TEAM = R45LY736NP;
				INFOPLIST_FILE = WKWebViewJsTests/Info.plist;
				IPHONEOS_DEPLOYMENT_TARGET = 14.4;
				LD_RUNPATH_SEARCH_PATHS = (
					"$(inherited)",
					"@executable_path/Frameworks",
					"@loader_path/Frameworks",
				);
				PRODUCT_BUNDLE_IDENTIFIER = fxr.WKWebViewJsTests;
				PRODUCT_NAME = "$(TARGET_NAME)";
				SWIFT_VERSION = 5.0;
				TARGETED_DEVICE_FAMILY = "1,2";
				TEST_HOST = "$(BUILT_PRODUCTS_DIR)/WKWebViewJs.app/WKWebViewJs";
			};
			name = Release;
		};
		8EBE85AD268D4CED008E309E /* Debug */ = {
			isa = XCBuildConfiguration;
			buildSettings = {
				ALWAYS_EMBED_SWIFT_STANDARD_LIBRARIES = YES;
				CODE_SIGN_STYLE = Automatic;
				DEVELOPMENT_TEAM = R45LY736NP;
				INFOPLIST_FILE = WKWebViewJsUITests/Info.plist;
				LD_RUNPATH_SEARCH_PATHS = (
					"$(inherited)",
					"@executable_path/Frameworks",
					"@loader_path/Frameworks",
				);
				PRODUCT_BUNDLE_IDENTIFIER = fxr.WKWebViewJsUITests;
				PRODUCT_NAME = "$(TARGET_NAME)";
				SWIFT_VERSION = 5.0;
				TARGETED_DEVICE_FAMILY = "1,2";
				TEST_TARGET_NAME = WKWebViewJs;
			};
			name = Debug;
		};
		8EBE85AE268D4CED008E309E /* Release */ = {
			isa = XCBuildConfiguration;
			buildSettings = {
				ALWAYS_EMBED_SWIFT_STANDARD_LIBRARIES = YES;
				CODE_SIGN_STYLE = Automatic;
				DEVELOPMENT_TEAM = R45LY736NP;
				INFOPLIST_FILE = WKWebViewJsUITests/Info.plist;
				LD_RUNPATH_SEARCH_PATHS = (
					"$(inherited)",
					"@executable_path/Frameworks",
					"@loader_path/Frameworks",
				);
				PRODUCT_BUNDLE_IDENTIFIER = fxr.WKWebViewJsUITests;
				PRODUCT_NAME = "$(TARGET_NAME)";
				SWIFT_VERSION = 5.0;
				TARGETED_DEVICE_FAMILY = "1,2";
				TEST_TARGET_NAME = WKWebViewJs;
			};
			name = Release;
		};
/* End XCBuildConfiguration section */

/* Begin XCConfigurationList section */
		8EBE8577268D4CE9008E309E /* Build configuration list for PBXProject "WKWebViewJs" */ = {
			isa = XCConfigurationList;
			buildConfigurations = (
				8EBE85A4268D4CED008E309E /* Debug */,
				8EBE85A5268D4CED008E309E /* Release */,
			);
			defaultConfigurationIsVisible = 0;
			defaultConfigurationName = Release;
		};
		8EBE85A6268D4CED008E309E /* Build configuration list for PBXNativeTarget "WKWebViewJs" */ = {
			isa = XCConfigurationList;
			buildConfigurations = (
				8EBE85A7268D4CED008E309E /* Debug */,
				8EBE85A8268D4CED008E309E /* Release */,
			);
			defaultConfigurationIsVisible = 0;
			defaultConfigurationName = Release;
		};
		8EBE85A9268D4CED008E309E /* Build configuration list for PBXNativeTarget "WKWebViewJsTests" */ = {
			isa = XCConfigurationList;
			buildConfigurations = (
				8EBE85AA268D4CED008E309E /* Debug */,
				8EBE85AB268D4CED008E309E /* Release */,
			);
			defaultConfigurationIsVisible = 0;
			defaultConfigurationName = Release;
		};
		8EBE85AC268D4CED008E309E /* Build configuration list for PBXNativeTarget "WKWebViewJsUITests" */ = {
			isa = XCConfigurationList;
			buildConfigurations = (
				8EBE85AD268D4CED008E309E /* Debug */,
				8EBE85AE268D4CED008E309E /* Release */,
			);
			defaultConfigurationIsVisible = 0;
			defaultConfigurationName = Release;
		};
/* End XCConfigurationList section */
	};
	rootObject = 8EBE8574268D4CE9008E309E /* Project object */;
}
